
Microsoft Visual Studio Solution File, Format Version 12.00
# Visual Studio 15
VisualStudioVersion = 15.0.27130.2027
MinimumVisualStudioVersion = 10.0.40219.1
Project("{9A19103F-16F7-4668-BE54-9A1E7A4F7556}") = "CalendarService", "CalendarService\CalendarService.csproj", "{6DD18EFB-3E8D-4F96-A880-94BB616889A7}"
EndProject
Project("{9A19103F-16F7-4668-BE54-9A1E7A4F7556}") = "CalendarService.Models", "CalendarService.Models\CalendarService.Models.csproj", "{484FB690-006B-42A3-9D47-72D2A27CC841}"
EndProject
Project("{9A19103F-16F7-4668-BE54-9A1E7A4F7556}") = "CalendarService.Client", "CalendarService.Client\CalendarService.Client.csproj", "{2E2ECB47-5362-4779-BC32-F002A3E15118}"
EndProject
Global
	GlobalSection(SolutionConfigurationPlatforms) = preSolution
		Debug|Any CPU = Debug|Any CPU
		Release|Any CPU = Release|Any CPU
	EndGlobalSection
	GlobalSection(ProjectConfigurationPlatforms) = postSolution
		{6DD18EFB-3E8D-4F96-A880-94BB616889A7}.Debug|Any CPU.ActiveCfg = Debug|Any CPU
		{6DD18EFB-3E8D-4F96-A880-94BB616889A7}.Debug|Any CPU.Build.0 = Debug|Any CPU
		{6DD18EFB-3E8D-4F96-A880-94BB616889A7}.Release|Any CPU.ActiveCfg = Release|Any CPU
		{6DD18EFB-3E8D-4F96-A880-94BB616889A7}.Release|Any CPU.Build.0 = Release|Any CPU
		{484FB690-006B-42A3-9D47-72D2A27CC841}.Debug|Any CPU.ActiveCfg = Debug|Any CPU
		{484FB690-006B-42A3-9D47-72D2A27CC841}.Debug|Any CPU.Build.0 = Debug|Any CPU
		{484FB690-006B-42A3-9D47-72D2A27CC841}.Release|Any CPU.ActiveCfg = Release|Any CPU
		{484FB690-006B-42A3-9D47-72D2A27CC841}.Release|Any CPU.Build.0 = Release|Any CPU
		{2E2ECB47-5362-4779-BC32-F002A3E15118}.Debug|Any CPU.ActiveCfg = Debug|Any CPU
		{2E2ECB47-5362-4779-BC32-F002A3E15118}.Debug|Any CPU.Build.0 = Debug|Any CPU
		{2E2ECB47-5362-4779-BC32-F002A3E15118}.Release|Any CPU.ActiveCfg = Release|Any CPU
		{2E2ECB47-5362-4779-BC32-F002A3E15118}.Release|Any CPU.Build.0 = Release|Any CPU
	EndGlobalSection
	GlobalSection(SolutionProperties) = preSolution
		HideSolutionNode = FALSE
	EndGlobalSection
	GlobalSection(ExtensibilityGlobals) = postSolution
		SolutionGuid = {CB890CC3-35F7-4303-9F64-ABF0A3EA47FF}
	EndGlobalSection
EndGlobal
